{
  "name": "i3-layout-viewer",
  "version": "1.0.0",
  "lockfileVersion": 3,
  "requires": true,
  "packages": {
    "": {
      "name": "i3-layout-viewer",
      "version": "1.0.0",
      "license": "GPLv3+",
      "dependencies": {
        "jgf-dot": "^1.1.0",
        "read-file-stdin": "^0.2.1",
        "strip-json-comments": "^2.0.1"
      },
      "bin": {
        "i3-layout-to-dot": "cli.js"
      }
    },
    "node_modules/dotty": {
      "version": "0.0.1",
      "resolved": "https://registry.npmjs.org/dotty/-/dotty-0.0.1.tgz",
      "integrity": "sha512-eDT0hfJEnQbGaZcTuCfj2igPkQ7qa/n9K2pGGDxhEqKhARLq+xE1TonvpOPHq+7KeG+D6A/V8BwCcsdPom2TQg=="
    },
    "node_modules/gather-stream": {
      "version": "1.0.0",
      "resolved": "https://registry.npmjs.org/gather-stream/-/gather-stream-1.0.0.tgz",
      "integrity": "sha512-NspYMi3rN3EKmMdejUXbtluDYrcRlTEBBFhWzVRZVsOx94OPxlXp0AzyPKyLiT7iaurcoTE/KcHsHP/PowNEaA=="
    },
    "node_modules/graphlib": {
      "version": "2.1.8",
      "resolved": "https://registry.npmjs.org/graphlib/-/graphlib-2.1.8.tgz",
      "integrity": "sha512-jcLLfkpoVGmH7/InMC/1hIvOPSUh38oJtGhvrOFGzioE1DZ+0YW16RgmOJhHiuWTvGiJQ9Z1Ik43JvkRPRvE+A==",
      "dependencies": {
        "lodash": "^4.17.15"
      }
    },
    "node_modules/graphlib-dot": {
      "version": "0.6.4",
      "resolved": "https://registry.npmjs.org/graphlib-dot/-/graphlib-dot-0.6.4.tgz",
      "integrity": "sha512-rdhDTu0mBlloTpFMfkQq+e3y4yL22OqP5MhQbkw6QUURqa+4YLgv3XZy2fA64wdEcJNZ+waI76URemVgdFtzng==",
      "dependencies": {
        "graphlib": "^2.1.8",
        "lodash": "^4.17.15"
      }
    },
    "node_modules/graphlib-json-graph": {
      "version": "1.0.0",
      "resolved": "https://registry.npmjs.org/graphlib-json-graph/-/graphlib-json-graph-1.0.0.tgz",
      "integrity": "sha512-sJsFuthZnSL5knaDDZhDx8fg1Zy5t/7ZqVHiytoeSzezGhMoSFD3T3K5YQakKFEyXtYjOzbnvsyr2qo+6/qq/Q==",
      "dependencies": {
        "graphlib": "^1.0.4",
        "par": "^0.3.0",
        "prop": "^0.1.1"
      }
    },
    "node_modules/graphlib-json-graph/node_modules/graphlib": {
      "version": "1.0.7",
      "resolved": "https://registry.npmjs.org/graphlib/-/graphlib-1.0.7.tgz",
      "integrity": "sha512-jNb7RbqTIRyZRmcVCxGefOlGWjNdbjcT2tFj36zhnRa8yhAlOvydh9nBixfLQIqSU+DwCx47tg3ysw8NIYhpsA==",
      "dependencies": {
        "lodash": "^3.10.0"
      }
    },
    "node_modules/graphlib-json-graph/node_modules/lodash": {
      "version": "3.10.1",
      "resolved": "https://registry.npmjs.org/lodash/-/lodash-3.10.1.tgz",
      "integrity": "sha512-9mDDwqVIma6OZX79ZlDACZl8sBm0TEnkf99zV3iMA4GzkIT/9hiqP5mY0HoT1iNLCrKc/R1HByV+yJfRWVJryQ=="
    },
    "node_modules/jgf-dot": {
      "version": "1.1.1",
      "resolved": "https://registry.npmjs.org/jgf-dot/-/jgf-dot-1.1.1.tgz",
      "integrity": "sha512-/aw9bwVfn67A+lvjxtbocBuhB2rNdL5UY5rlHhKVh9ValvVJETU5lQ0jitDxiIjIPAEeuR4B1aFNA7E3wKNV1A==",
      "dependencies": {
        "graphlib-dot": "^0.6.2",
        "graphlib-json-graph": "^1.0.0",
        "read-file-stdin": "^0.2.1"
      },
      "bin": {
        "jgfdot": "bin/cli.js"
      }
    },
    "node_modules/lodash": {
      "version": "4.17.21",
      "resolved": "https://registry.npmjs.org/lodash/-/lodash-4.17.21.tgz",
      "integrity": "sha512-v2kDEe57lecTulaDIuNTPy3Ry4gLGJ6Z1O3vE1krgXZNrsQ+LFTGHVxVjcXPs17LhbZVGedAJv8XZ1tvj5FvSg=="
    },
    "node_modules/par": {
      "version": "0.3.0",
      "resolved": "https://registry.npmjs.org/par/-/par-0.3.0.tgz",
      "integrity": "sha512-6V910zFAoHnxjX6ILkwbQcpIkD3KI2gBAPfCtZQNaJTvTxgIoKXSwDQIE3ty0zbOGdBXHRnl6rd66a5jj12pfw==",
      "engines": {
        "node": ">=0.6"
      }
    },
    "node_modules/prop": {
      "version": "0.1.1",
      "resolved": "https://registry.npmjs.org/prop/-/prop-0.1.1.tgz",
      "integrity": "sha512-hf5DdgiPkcoVxBfuSknP918U0lDC+7lArIjIB2U4Gh79p1Xtc0JP6W5DW3c0wC0x9/A6CsAISh3202I1GlMgkw==",
      "dependencies": {
        "dotty": "0.0.1"
      },
      "engines": {
        "node": "*"
      }
    },
    "node_modules/read-file-stdin": {
      "version": "0.2.1",
      "resolved": "https://registry.npmjs.org/read-file-stdin/-/read-file-stdin-0.2.1.tgz",
      "integrity": "sha512-dAqysQ4kfj9m5aejZOPr+aRGXZJXdLkMOLZ3BXMwMBQHiO+aylGBFJPh88AYPQrOf+D43F4Uc2oUIW9kBlItLA==",
      "dependencies": {
        "gather-stream": "^1.0.0"
      }
    },
    "node_modules/strip-json-comments": {
      "version": "2.0.1",
      "resolved": "https://registry.npmjs.org/strip-json-comments/-/strip-json-comments-2.0.1.tgz",
      "integrity": "sha512-4gB8na07fecVVkOI6Rs4e7T6NOTki5EmL7TUduTs6bu3EdnSycntVJ4re8kgZA+wx9IueI2Y11bfbgwtzuE0KQ==",
      "engines": {
        "node": ">=0.10.0"
      }
    }
  }
}
